PODS:
  - AFNetworking (2.5.4):
    - AFNetworking/NSURLConnection (= 2.5.4)
    - AFNetworking/NSURLSession (= 2.5.4)
    - AFNetworking/Reachability (= 2.5.4)
    - AFNetworking/Security (= 2.5.4)
    - AFNetworking/Serialization (= 2.5.4)
    - AFNetworking/UIKit (= 2.5.4)
  - AFNetworking/NSURLConnection (2.5.4):
    - AFNetworking/Reachability
    - AFNetworking/Security
    - AFNetworking/Serialization
  - AFNetworking/NSURLSession (2.5.4):
    - AFNetworking/Reachability
    - AFNetworking/Security
    - AFNetworking/Serialization
  - AFNetworking/Reachability (2.5.4)
  - AFNetworking/Security (2.5.4)
  - AFNetworking/Serialization (2.5.4)
  - AFNetworking/UIKit (2.5.4):
    - AFNetworking/NSURLConnection
    - AFNetworking/NSURLSession
  - BFPaperButton (2.0.18):
    - UIColor+BFPaperColors
  - FMDB (2.3):
    - FMDB/standard (= 2.3)
  - FMDB/common (2.3)
  - FMDB/standard (2.3):
    - FMDB/common
  - FXForms (1.2.13)
  - GRMustache (7.3.0):
    - JRSwizzle (~> 1.0)
  - ICETutorial (1.1.1)
  - JRSwizzle (1.0)
  - Mapbox-iOS-SDK (1.6.0):
    - FMDB (= 2.3)
    - GRMustache (= 7.3.0)
    - SMCalloutView (= 2.0)
  - MBProgressHUD (0.9.1)
  - SMCalloutView (2.0)
  - UIColor+BFPaperColors (1.7.1)

DEPENDENCIES:
  - AFNetworking
  - BFPaperButton
  - FXForms
  - ICETutorial
  - Mapbox-iOS-SDK (= 1.6.0)
  - MBProgressHUD

SPEC CHECKSUMS:
  AFNetworking: 05edc0ac4c4c8cf57bcf4b84be5b0744b6d8e71e
  BFPaperButton: 16b3ec9c2964d24f89f623a4113321d3f003ed60
  FMDB: 773d79bb74226959b7e2286b1d6e0bd857c88915
  FXForms: 22d5ceafd8ca44d2f2be4827afcf00aaf80184a5
  GRMustache: 6baee020c5644416c034f5afb1607f6219e7f753
  ICETutorial: 6cb15e46066afc359357f048d1b5fca444d69c83
  JRSwizzle: dd5ead5d913a0f29e7f558200165849f006bb1e3
  Mapbox-iOS-SDK: ee136ca5b7f853456b50dfd7a7f0e243288cf86f
  MBProgressHUD: c47f2c166c126cf2ce36498d80f33e754d4e93ad
  SMCalloutView: f758edd824b18bf4f42de00df1e299861a2d1950
  UIColor+BFPaperColors: b1efa4320e2f56c4b14f73232faf967ba0e5b4a2

COCOAPODS: 0.37.1
