// !$*UTF8*$!
{
	archiveVersion = 1;
	classes = {
	};
	objectVersion = 46;
	objects = {

/* Begin PBXBuildFile section */
		7404F0338E929D32430B4649 /* libPods.a in Frameworks */ = {isa = PBXBuildFile; fileRef = 83DC6E751E2DB010D862BBF0 /* libPods.a */; };
		A019D2571B374D7600116B92 /* CVNPTutorialViewController.m in Sources */ = {isa = PBXBuildFile; fileRef = A019D2561B374D7600116B92 /* CVNPTutorialViewController.m */; };
		A025AF741B2F636B0048A1BF /* Config.m in Sources */ = {isa = PBXBuildFile; fileRef = A025AF731B2F636B0048A1BF /* Config.m */; };
		A025AF7A1B30A44A0048A1BF /* CVNPAPIClient.m in Sources */ = {isa = PBXBuildFile; fileRef = A025AF791B30A44A0048A1BF /* CVNPAPIClient.m */; };
		A04468591B255BD20037C9C6 /* 1-18mapboxtiles.mbtiles in Resources */ = {isa = PBXBuildFile; fileRef = A04468561B255BD20037C9C6 /* 1-18mapboxtiles.mbtiles */; };
		A044685A1B255BD20037C9C6 /* 1-16_jpg_tiles.mbtiles in Resources */ = {isa = PBXBuildFile; fileRef = A04468571B255BD20037C9C6 /* 1-16_jpg_tiles.mbtiles */; };
		A044685B1B255BD20037C9C6 /* CVNPpos.GPX in Resources */ = {isa = PBXBuildFile; fileRef = A04468581B255BD20037C9C6 /* CVNPpos.GPX */; };
		A044685E1B2562A60037C9C6 /* CVNPPointsModel.m in Sources */ = {isa = PBXBuildFile; fileRef = A044685D1B2562A60037C9C6 /* CVNPPointsModel.m */; };
		A04468621B2566860037C9C6 /* CVNPSqliteManager.m in Sources */ = {isa = PBXBuildFile; fileRef = A04468611B2566860037C9C6 /* CVNPSqliteManager.m */; };
		A04468651B25F9E60037C9C6 /* CVNPPointDetailViewController.m in Sources */ = {isa = PBXBuildFile; fileRef = A04468641B25F9E60037C9C6 /* CVNPPointDetailViewController.m */; };
		A086032F1B254F890076D9B7 /* main.m in Sources */ = {isa = PBXBuildFile; fileRef = A086032E1B254F890076D9B7 /* main.m */; };
		A08603321B254F890076D9B7 /* AppDelegate.m in Sources */ = {isa = PBXBuildFile; fileRef = A08603311B254F890076D9B7 /* AppDelegate.m */; };
		A08603351B254F890076D9B7 /* CVNPViewController.m in Sources */ = {isa = PBXBuildFile; fileRef = A08603341B254F890076D9B7 /* CVNPViewController.m */; };
		A08603381B254F890076D9B7 /* Main.storyboard in Resources */ = {isa = PBXBuildFile; fileRef = A08603361B254F890076D9B7 /* Main.storyboard */; };
		A086033A1B254F890076D9B7 /* Images.xcassets in Resources */ = {isa = PBXBuildFile; fileRef = A08603391B254F890076D9B7 /* Images.xcassets */; };
		A086033D1B254F890076D9B7 /* LaunchScreen.xib in Resources */ = {isa = PBXBuildFile; fileRef = A086033B1B254F890076D9B7 /* LaunchScreen.xib */; };
		A08603491B254F890076D9B7 /* CVNPInfoGatherAppTests.m in Sources */ = {isa = PBXBuildFile; fileRef = A08603481B254F890076D9B7 /* CVNPInfoGatherAppTests.m */; };
		A09D01D51B27C42600678032 /* CVNPLoaclPointsTableViewController.m in Sources */ = {isa = PBXBuildFile; fileRef = A09D01D41B27C42600678032 /* CVNPLoaclPointsTableViewController.m */; };
		A09D01D81B28AF2500678032 /* CVNPUserLoginViewController.m in Sources */ = {isa = PBXBuildFile; fileRef = A09D01D71B28AF2500678032 /* CVNPUserLoginViewController.m */; };
		A09D01DB1B28B08800678032 /* CVNPUserModel.m in Sources */ = {isa = PBXBuildFile; fileRef = A09D01DA1B28B08800678032 /* CVNPUserModel.m */; };
		A09D01DE1B28B33300678032 /* CVNPUserManager.m in Sources */ = {isa = PBXBuildFile; fileRef = A09D01DD1B28B33300678032 /* CVNPUserManager.m */; };
		A0A798FA1B3358B300903270 /* CVNPUploadTableViewController.m in Sources */ = {isa = PBXBuildFile; fileRef = A0A798F91B3358B300903270 /* CVNPUploadTableViewController.m */; };
/* End PBXBuildFile section */

/* Begin PBXContainerItemProxy section */
		A08603431B254F890076D9B7 /* PBXContainerItemProxy */ = {
			isa = PBXContainerItemProxy;
			containerPortal = A08603211B254F890076D9B7 /* Project object */;
			proxyType = 1;
			remoteGlobalIDString = A08603281B254F890076D9B7;
			remoteInfo = CVNPInfoGatherApp;
		};
/* End PBXContainerItemProxy section */

/* Begin PBXFileReference section */
		7B6732F6B7ABD46D574536EA /* Pods.release.xcconfig */ = {isa = PBXFileReference; includeInIndex = 1; lastKnownFileType = text.xcconfig; name = Pods.release.xcconfig; path = "Pods/Target Support Files/Pods/Pods.release.xcconfig"; sourceTree = "<group>"; };
		83DC6E751E2DB010D862BBF0 /* libPods.a */ = {isa = PBXFileReference; explicitFileType = archive.ar; includeInIndex = 0; path = libPods.a; sourceTree = BUILT_PRODUCTS_DIR; };
		A019D2551B374D7600116B92 /* CVNPTutorialViewController.h */ = {isa = PBXFileReference; fileEncoding = 4; lastKnownFileType = sourcecode.c.h; path = CVNPTutorialViewController.h; sourceTree = "<group>"; };
		A019D2561B374D7600116B92 /* CVNPTutorialViewController.m */ = {isa = PBXFileReference; fileEncoding = 4; lastKnownFileType = sourcecode.c.objc; path = CVNPTutorialViewController.m; sourceTree = "<group>"; };
		A025AF721B2F636B0048A1BF /* Config.h */ = {isa = PBXFileReference; fileEncoding = 4; lastKnownFileType = sourcecode.c.h; path = Config.h; sourceTree = "<group>"; };
		A025AF731B2F636B0048A1BF /* Config.m */ = {isa = PBXFileReference; fileEncoding = 4; lastKnownFileType = sourcecode.c.objc; path = Config.m; sourceTree = "<group>"; };
		A025AF781B30A44A0048A1BF /* CVNPAPIClient.h */ = {isa = PBXFileReference; fileEncoding = 4; lastKnownFileType = sourcecode.c.h; path = CVNPAPIClient.h; sourceTree = "<group>"; };
		A025AF791B30A44A0048A1BF /* CVNPAPIClient.m */ = {isa = PBXFileReference; fileEncoding = 4; lastKnownFileType = sourcecode.c.objc; path = CVNPAPIClient.m; sourceTree = "<group>"; };
		A04468561B255BD20037C9C6 /* 1-18mapboxtiles.mbtiles */ = {isa = PBXFileReference; lastKnownFileType = file; path = "1-18mapboxtiles.mbtiles"; sourceTree = "<group>"; };
		A04468571B255BD20037C9C6 /* 1-16_jpg_tiles.mbtiles */ = {isa = PBXFileReference; lastKnownFileType = file; path = "1-16_jpg_tiles.mbtiles"; sourceTree = "<group>"; };
		A04468581B255BD20037C9C6 /* CVNPpos.GPX */ = {isa = PBXFileReference; fileEncoding = 4; lastKnownFileType = text; path = CVNPpos.GPX; sourceTree = "<group>"; };
		A044685C1B2562A60037C9C6 /* CVNPPointsModel.h */ = {isa = PBXFileReference; fileEncoding = 4; lastKnownFileType = sourcecode.c.h; path = CVNPPointsModel.h; sourceTree = "<group>"; };
		A044685D1B2562A60037C9C6 /* CVNPPointsModel.m */ = {isa = PBXFileReference; fileEncoding = 4; lastKnownFileType = sourcecode.c.objc; path = CVNPPointsModel.m; sourceTree = "<group>"; };
		A04468601B2566860037C9C6 /* CVNPSqliteManager.h */ = {isa = PBXFileReference; fileEncoding = 4; lastKnownFileType = sourcecode.c.h; path = CVNPSqliteManager.h; sourceTree = "<group>"; };
		A04468611B2566860037C9C6 /* CVNPSqliteManager.m */ = {isa = PBXFileReference; fileEncoding = 4; lastKnownFileType = sourcecode.c.objc; path = CVNPSqliteManager.m; sourceTree = "<group>"; };
		A04468631B25F9E60037C9C6 /* CVNPPointDetailViewController.h */ = {isa = PBXFileReference; fileEncoding = 4; lastKnownFileType = sourcecode.c.h; path = CVNPPointDetailViewController.h; sourceTree = "<group>"; };
		A04468641B25F9E60037C9C6 /* CVNPPointDetailViewController.m */ = {isa = PBXFileReference; fileEncoding = 4; lastKnownFileType = sourcecode.c.objc; path = CVNPPointDetailViewController.m; sourceTree = "<group>"; };
		A08603291B254F890076D9B7 /* CVNPInfoGatherApp.app */ = {isa = PBXFileReference; explicitFileType = wrapper.application; includeInIndex = 0; path = CVNPInfoGatherApp.app; sourceTree = BUILT_PRODUCTS_DIR; };
		A086032D1B254F890076D9B7 /* Info.plist */ = {isa = PBXFileReference; lastKnownFileType = text.plist.xml; path = Info.plist; sourceTree = "<group>"; };
		A086032E1B254F890076D9B7 /* main.m */ = {isa = PBXFileReference; lastKnownFileType = sourcecode.c.objc; path = main.m; sourceTree = "<group>"; };
		A08603301B254F890076D9B7 /* AppDelegate.h */ = {isa = PBXFileReference; lastKnownFileType = sourcecode.c.h; path = AppDelegate.h; sourceTree = "<group>"; };
		A08603311B254F890076D9B7 /* AppDelegate.m */ = {isa = PBXFileReference; lastKnownFileType = sourcecode.c.objc; path = AppDelegate.m; sourceTree = "<group>"; };
		A08603331B254F890076D9B7 /* CVNPViewController.h */ = {isa = PBXFileReference; lastKnownFileType = sourcecode.c.h; path = CVNPViewController.h; sourceTree = "<group>"; };
		A08603341B254F890076D9B7 /* CVNPViewController.m */ = {isa = PBXFileReference; lastKnownFileType = sourcecode.c.objc; path = CVNPViewController.m; sourceTree = "<group>"; };
		A08603371B254F890076D9B7 /* Base */ = {isa = PBXFileReference; lastKnownFileType = file.storyboard; name = Base; path = Base.lproj/Main.storyboard; sourceTree = "<group>"; };
		A08603391B254F890076D9B7 /* Images.xcassets */ = {isa = PBXFileReference; lastKnownFileType = folder.assetcatalog; path = Images.xcassets; sourceTree = "<group>"; };
		A086033C1B254F890076D9B7 /* Base */ = {isa = PBXFileReference; lastKnownFileType = file.xib; name = Base; path = Base.lproj/LaunchScreen.xib; sourceTree = "<group>"; };
		A08603421B254F890076D9B7 /* CVNPInfoGatherAppTests.xctest */ = {isa = PBXFileReference; explicitFileType = wrapper.cfbundle; includeInIndex = 0; path = CVNPInfoGatherAppTests.xctest; sourceTree = BUILT_PRODUCTS_DIR; };
		A08603471B254F890076D9B7 /* Info.plist */ = {isa = PBXFileReference; lastKnownFileType = text.plist.xml; path = Info.plist; sourceTree = "<group>"; };
		A08603481B254F890076D9B7 /* CVNPInfoGatherAppTests.m */ = {isa = PBXFileReference; lastKnownFileType = sourcecode.c.objc; path = CVNPInfoGatherAppTests.m; sourceTree = "<group>"; };
		A09D01D31B27C42600678032 /* CVNPLoaclPointsTableViewController.h */ = {isa = PBXFileReference; fileEncoding = 4; lastKnownFileType = sourcecode.c.h; path = CVNPLoaclPointsTableViewController.h; sourceTree = "<group>"; };
		A09D01D41B27C42600678032 /* CVNPLoaclPointsTableViewController.m */ = {isa = PBXFileReference; fileEncoding = 4; lastKnownFileType = sourcecode.c.objc; path = CVNPLoaclPointsTableViewController.m; sourceTree = "<group>"; };
		A09D01D61B28AF2500678032 /* CVNPUserLoginViewController.h */ = {isa = PBXFileReference; fileEncoding = 4; lastKnownFileType = sourcecode.c.h; path = CVNPUserLoginViewController.h; sourceTree = "<group>"; };
		A09D01D71B28AF2500678032 /* CVNPUserLoginViewController.m */ = {isa = PBXFileReference; fileEncoding = 4; lastKnownFileType = sourcecode.c.objc; path = CVNPUserLoginViewController.m; sourceTree = "<group>"; };
		A09D01D91B28B08800678032 /* CVNPUserModel.h */ = {isa = PBXFileReference; fileEncoding = 4; lastKnownFileType = sourcecode.c.h; path = CVNPUserModel.h; sourceTree = "<group>"; };
		A09D01DA1B28B08800678032 /* CVNPUserModel.m */ = {isa = PBXFileReference; fileEncoding = 4; lastKnownFileType = sourcecode.c.objc; path = CVNPUserModel.m; sourceTree = "<group>"; };
		A09D01DC1B28B33300678032 /* CVNPUserManager.h */ = {isa = PBXFileReference; fileEncoding = 4; lastKnownFileType = sourcecode.c.h; path = CVNPUserManager.h; sourceTree = "<group>"; };
		A09D01DD1B28B33300678032 /* CVNPUserManager.m */ = {isa = PBXFileReference; fileEncoding = 4; lastKnownFileType = sourcecode.c.objc; path = CVNPUserManager.m; sourceTree = "<group>"; };
		A0A798F81B3358B300903270 /* CVNPUploadTableViewController.h */ = {isa = PBXFileReference; fileEncoding = 4; lastKnownFileType = sourcecode.c.h; path = CVNPUploadTableViewController.h; sourceTree = "<group>"; };
		A0A798F91B3358B300903270 /* CVNPUploadTableViewController.m */ = {isa = PBXFileReference; fileEncoding = 4; lastKnownFileType = sourcecode.c.objc; path = CVNPUploadTableViewController.m; sourceTree = "<group>"; };
		C3181F7B247E1410C6C0F8C4 /* Pods.debug.xcconfig */ = {isa = PBXFileReference; includeInIndex = 1; lastKnownFileType = text.xcconfig; name = Pods.debug.xcconfig; path = "Pods/Target Support Files/Pods/Pods.debug.xcconfig"; sourceTree = "<group>"; };
/* End PBXFileReference section */

/* Begin PBXFrameworksBuildPhase section */
		A08603261B254F890076D9B7 /* Frameworks */ = {
			isa = PBXFrameworksBuildPhase;
			buildActionMask = 2147483647;
			files = (
				7404F0338E929D32430B4649 /* libPods.a in Frameworks */,
			);
			runOnlyForDeploymentPostprocessing = 0;
		};
		A086033F1B254F890076D9B7 /* Frameworks */ = {
			isa = PBXFrameworksBuildPhase;
			buildActionMask = 2147483647;
			files = (
			);
			runOnlyForDeploymentPostprocessing = 0;
		};
/* End PBXFrameworksBuildPhase section */

/* Begin PBXGroup section */
		90BB32502A488957FC79FA85 /* Pods */ = {
			isa = PBXGroup;
			children = (
				C3181F7B247E1410C6C0F8C4 /* Pods.debug.xcconfig */,
				7B6732F6B7ABD46D574536EA /* Pods.release.xcconfig */,
			);
			name = Pods;
			sourceTree = "<group>";
		};
		A04468551B255B2B0037C9C6 /* GeoFIles */ = {
			isa = PBXGroup;
			children = (
				A04468561B255BD20037C9C6 /* 1-18mapboxtiles.mbtiles */,
				A04468571B255BD20037C9C6 /* 1-16_jpg_tiles.mbtiles */,
				A04468581B255BD20037C9C6 /* CVNPpos.GPX */,
			);
			name = GeoFIles;
			path = GeoFiles;
			sourceTree = "<group>";
		};
		A044685F1B2562AD0037C9C6 /* Model */ = {
			isa = PBXGroup;
			children = (
				A04468601B2566860037C9C6 /* CVNPSqliteManager.h */,
				A04468611B2566860037C9C6 /* CVNPSqliteManager.m */,
				A044685C1B2562A60037C9C6 /* CVNPPointsModel.h */,
				A044685D1B2562A60037C9C6 /* CVNPPointsModel.m */,
				A09D01D91B28B08800678032 /* CVNPUserModel.h */,
				A09D01DA1B28B08800678032 /* CVNPUserModel.m */,
				A09D01DC1B28B33300678032 /* CVNPUserManager.h */,
				A09D01DD1B28B33300678032 /* CVNPUserManager.m */,
			);
			name = Model;
			sourceTree = "<group>";
		};
		A04468661B25F9F20037C9C6 /* Controller */ = {
			isa = PBXGroup;
			children = (
				A019D2551B374D7600116B92 /* CVNPTutorialViewController.h */,
				A019D2561B374D7600116B92 /* CVNPTutorialViewController.m */,
				A08603331B254F890076D9B7 /* CVNPViewController.h */,
				A08603341B254F890076D9B7 /* CVNPViewController.m */,
				A04468631B25F9E60037C9C6 /* CVNPPointDetailViewController.h */,
				A04468641B25F9E60037C9C6 /* CVNPPointDetailViewController.m */,
				A09D01D31B27C42600678032 /* CVNPLoaclPointsTableViewController.h */,
				A09D01D41B27C42600678032 /* CVNPLoaclPointsTableViewController.m */,
				A0A798F81B3358B300903270 /* CVNPUploadTableViewController.h */,
				A0A798F91B3358B300903270 /* CVNPUploadTableViewController.m */,
				A09D01D61B28AF2500678032 /* CVNPUserLoginViewController.h */,
				A09D01D71B28AF2500678032 /* CVNPUserLoginViewController.m */,
			);
			name = Controller;
			sourceTree = "<group>";
		};
		A08603201B254F890076D9B7 = {
			isa = PBXGroup;
			children = (
				A086032B1B254F890076D9B7 /* CVNPInfoGatherApp */,
				A08603451B254F890076D9B7 /* CVNPInfoGatherAppTests */,
				A086032A1B254F890076D9B7 /* Products */,
				90BB32502A488957FC79FA85 /* Pods */,
				BBF10FF4F2DE5C2BB2E66A20 /* Frameworks */,
			);
			sourceTree = "<group>";
		};
		A086032A1B254F890076D9B7 /* Products */ = {
			isa = PBXGroup;
			children = (
				A08603291B254F890076D9B7 /* CVNPInfoGatherApp.app */,
				A08603421B254F890076D9B7 /* CVNPInfoGatherAppTests.xctest */,
			);
			name = Products;
			sourceTree = "<group>";
		};
		A086032B1B254F890076D9B7 /* CVNPInfoGatherApp */ = {
			isa = PBXGroup;
			children = (
				A025AF721B2F636B0048A1BF /* Config.h */,
				A025AF731B2F636B0048A1BF /* Config.m */,
				A025AF781B30A44A0048A1BF /* CVNPAPIClient.h */,
				A025AF791B30A44A0048A1BF /* CVNPAPIClient.m */,
				A044685F1B2562AD0037C9C6 /* Model */,
				A04468661B25F9F20037C9C6 /* Controller */,
				A08603301B254F890076D9B7 /* AppDelegate.h */,
				A08603311B254F890076D9B7 /* AppDelegate.m */,
				A08603361B254F890076D9B7 /* Main.storyboard */,
				A08603391B254F890076D9B7 /* Images.xcassets */,
				A086033B1B254F890076D9B7 /* LaunchScreen.xib */,
				A04468551B255B2B0037C9C6 /* GeoFIles */,
				A086032C1B254F890076D9B7 /* Supporting Files */,
			);
			path = CVNPInfoGatherApp;
			sourceTree = "<group>";
		};
		A086032C1B254F890076D9B7 /* Supporting Files */ = {
			isa = PBXGroup;
			children = (
				A086032D1B254F890076D9B7 /* Info.plist */,
				A086032E1B254F890076D9B7 /* main.m */,
			);
			name = "Supporting Files";
			sourceTree = "<group>";
		};
		A08603451B254F890076D9B7 /* CVNPInfoGatherAppTests */ = {
			isa = PBXGroup;
			children = (
				A08603481B254F890076D9B7 /* CVNPInfoGatherAppTests.m */,
				A08603461B254F890076D9B7 /* Supporting Files */,
			);
			path = CVNPInfoGatherAppTests;
			sourceTree = "<group>";
		};
		A08603461B254F890076D9B7 /* Supporting Files */ = {
			isa = PBXGroup;
			children = (
				A08603471B254F890076D9B7 /* Info.plist */,
			);
			name = "Supporting Files";
			sourceTree = "<group>";
		};
		BBF10FF4F2DE5C2BB2E66A20 /* Frameworks */ = {
			isa = PBXGroup;
			children = (
				83DC6E751E2DB010D862BBF0 /* libPods.a */,
			);
			name = Frameworks;
			sourceTree = "<group>";
		};
/* End PBXGroup section */

/* Begin PBXNativeTarget section */
		A08603281B254F890076D9B7 /* CVNPInfoGatherApp */ = {
			isa = PBXNativeTarget;
			buildConfigurationList = A086034C1B254F890076D9B7 /* Build configuration list for PBXNativeTarget "CVNPInfoGatherApp" */;
			buildPhases = (
				7EB4875D20BBA239BF37B455 /* Check Pods Manifest.lock */,
				A08603251B254F890076D9B7 /* Sources */,
				A08603261B254F890076D9B7 /* Frameworks */,
				A08603271B254F890076D9B7 /* Resources */,
				88FA725613A5787B2639F663 /* Copy Pods Resources */,
			);
			buildRules = (
			);
			dependencies = (
			);
			name = CVNPInfoGatherApp;
			productName = CVNPInfoGatherApp;
			productReference = A08603291B254F890076D9B7 /* CVNPInfoGatherApp.app */;
			productType = "com.apple.product-type.application";
		};
		A08603411B254F890076D9B7 /* CVNPInfoGatherAppTests */ = {
			isa = PBXNativeTarget;
			buildConfigurationList = A086034F1B254F890076D9B7 /* Build configuration list for PBXNativeTarget "CVNPInfoGatherAppTests" */;
			buildPhases = (
				A086033E1B254F890076D9B7 /* Sources */,
				A086033F1B254F890076D9B7 /* Frameworks */,
				A08603401B254F890076D9B7 /* Resources */,
			);
			buildRules = (
			);
			dependencies = (
				A08603441B254F890076D9B7 /* PBXTargetDependency */,
			);
			name = CVNPInfoGatherAppTests;
			productName = CVNPInfoGatherAppTests;
			productReference = A08603421B254F890076D9B7 /* CVNPInfoGatherAppTests.xctest */;
			productType = "com.apple.product-type.bundle.unit-test";
		};
/* End PBXNativeTarget section */

/* Begin PBXProject section */
		A08603211B254F890076D9B7 /* Project object */ = {
			isa = PBXProject;
			attributes = {
				LastUpgradeCheck = 0630;
				ORGANIZATIONNAME = "Kent State University";
				TargetAttributes = {
					A08603281B254F890076D9B7 = {
						CreatedOnToolsVersion = 6.3.2;
					};
					A08603411B254F890076D9B7 = {
						CreatedOnToolsVersion = 6.3.2;
						TestTargetID = A08603281B254F890076D9B7;
					};
				};
			};
			buildConfigurationList = A08603241B254F890076D9B7 /* Build configuration list for PBXProject "CVNPInfoGatherApp" */;
			compatibilityVersion = "Xcode 3.2";
			developmentRegion = English;
			hasScannedForEncodings = 0;
			knownRegions = (
				en,
				Base,
			);
			mainGroup = A08603201B254F890076D9B7;
			productRefGroup = A086032A1B254F890076D9B7 /* Products */;
			projectDirPath = "";
			projectRoot = "";
			targets = (
				A08603281B254F890076D9B7 /* CVNPInfoGatherApp */,
				A08603411B254F890076D9B7 /* CVNPInfoGatherAppTests */,
			);
		};
/* End PBXProject section */

/* Begin PBXResourcesBuildPhase section */
		A08603271B254F890076D9B7 /* Resources */ = {
			isa = PBXResourcesBuildPhase;
			buildActionMask = 2147483647;
			files = (
				A04468591B255BD20037C9C6 /* 1-18mapboxtiles.mbtiles in Resources */,
				A08603381B254F890076D9B7 /* Main.storyboard in Resources */,
				A086033D1B254F890076D9B7 /* LaunchScreen.xib in Resources */,
				A044685A1B255BD20037C9C6 /* 1-16_jpg_tiles.mbtiles in Resources */,
				A086033A1B254F890076D9B7 /* Images.xcassets in Resources */,
				A044685B1B255BD20037C9C6 /* CVNPpos.GPX in Resources */,
			);
			runOnlyForDeploymentPostprocessing = 0;
		};
		A08603401B254F890076D9B7 /* Resources */ = {
			isa = PBXResourcesBuildPhase;
			buildActionMask = 2147483647;
			files = (
			);
			runOnlyForDeploymentPostprocessing = 0;
		};
/* End PBXResourcesBuildPhase section */

/* Begin PBXShellScriptBuildPhase section */
		7EB4875D20BBA239BF37B455 /* Check Pods Manifest.lock */ = {
			isa = PBXShellScriptBuildPhase;
			buildActionMask = 2147483647;
			files = (
			);
			inputPaths = (
			);
			name = "Check Pods Manifest.lock";
			outputPaths = (
			);
			runOnlyForDeploymentPostprocessing = 0;
			shellPath = /bin/sh;
			shellScript = "diff \"${PODS_ROOT}/../Podfile.lock\" \"${PODS_ROOT}/Manifest.lock\" > /dev/null\nif [[ $? != 0 ]] ; then\n    cat << EOM\nerror: The sandbox is not in sync with the Podfile.lock. Run 'pod install' or update your CocoaPods installation.\nEOM\n    exit 1\nfi\n";
			showEnvVarsInLog = 0;
		};
		88FA725613A5787B2639F663 /* Copy Pods Resources */ = {
			isa = PBXShellScriptBuildPhase;
			buildActionMask = 2147483647;
			files = (
			);
			inputPaths = (
			);
			name = "Copy Pods Resources";
			outputPaths = (
			);
			runOnlyForDeploymentPostprocessing = 0;
			shellPath = /bin/sh;
			shellScript = "\"${SRCROOT}/Pods/Target Support Files/Pods/Pods-resources.sh\"\n";
			showEnvVarsInLog = 0;
		};
/* End PBXShellScriptBuildPhase section */

/* Begin PBXSourcesBuildPhase section */
		A08603251B254F890076D9B7 /* Sources */ = {
			isa = PBXSourcesBuildPhase;
			buildActionMask = 2147483647;
			files = (
				A025AF741B2F636B0048A1BF /* Config.m in Sources */,
				A04468621B2566860037C9C6 /* CVNPSqliteManager.m in Sources */,
				A08603351B254F890076D9B7 /* CVNPViewController.m in Sources */,
				A0A798FA1B3358B300903270 /* CVNPUploadTableViewController.m in Sources */,
				A025AF7A1B30A44A0048A1BF /* CVNPAPIClient.m in Sources */,
				A019D2571B374D7600116B92 /* CVNPTutorialViewController.m in Sources */,
				A044685E1B2562A60037C9C6 /* CVNPPointsModel.m in Sources */,
				A09D01DE1B28B33300678032 /* CVNPUserManager.m in Sources */,
				A09D01D51B27C42600678032 /* CVNPLoaclPointsTableViewController.m in Sources */,
				A08603321B254F890076D9B7 /* AppDelegate.m in Sources */,
				A09D01DB1B28B08800678032 /* CVNPUserModel.m in Sources */,
				A04468651B25F9E60037C9C6 /* CVNPPointDetailViewController.m in Sources */,
				A09D01D81B28AF2500678032 /* CVNPUserLoginViewController.m in Sources */,
				A086032F1B254F890076D9B7 /* main.m in Sources */,
			);
			runOnlyForDeploymentPostprocessing = 0;
		};
		A086033E1B254F890076D9B7 /* Sources */ = {
			isa = PBXSourcesBuildPhase;
			buildActionMask = 2147483647;
			files = (
				A08603491B254F890076D9B7 /* CVNPInfoGatherAppTests.m in Sources */,
			);
			runOnlyForDeploymentPostprocessing = 0;
		};
/* End PBXSourcesBuildPhase section */

/* Begin PBXTargetDependency section */
		A08603441B254F890076D9B7 /* PBXTargetDependency */ = {
			isa = PBXTargetDependency;
			target = A08603281B254F890076D9B7 /* CVNPInfoGatherApp */;
			targetProxy = A08603431B254F890076D9B7 /* PBXContainerItemProxy */;
		};
/* End PBXTargetDependency section */

/* Begin PBXVariantGroup section */
		A08603361B254F890076D9B7 /* Main.storyboard */ = {
			isa = PBXVariantGroup;
			children = (
				A08603371B254F890076D9B7 /* Base */,
			);
			name = Main.storyboard;
			sourceTree = "<group>";
		};
		A086033B1B254F890076D9B7 /* LaunchScreen.xib */ = {
			isa = PBXVariantGroup;
			children = (
				A086033C1B254F890076D9B7 /* Base */,
			);
			name = LaunchScreen.xib;
			sourceTree = "<group>";
		};
/* End PBXVariantGroup section */

/* Begin XCBuildConfiguration section */
		A086034A1B254F890076D9B7 /* Debug */ = {
			isa = XCBuildConfiguration;
			buildSettings = {
				ALWAYS_SEARCH_USER_PATHS = NO;
				CLANG_CXX_LANGUAGE_STANDARD = "gnu++0x";
				CLANG_CXX_LIBRARY = "libc++";
				CLANG_ENABLE_MODULES = YES;
				CLANG_ENABLE_OBJC_ARC = YES;
				CLANG_WARN_BOOL_CONVERSION = YES;
				CLANG_WARN_CONSTANT_CONVERSION = YES;
				CLANG_WARN_DIRECT_OBJC_ISA_USAGE = YES_ERROR;
				CLANG_WARN_EMPTY_BODY = YES;
				CLANG_WARN_ENUM_CONVERSION = YES;
				CLANG_WARN_INT_CONVERSION = YES;
				CLANG_WARN_OBJC_ROOT_CLASS = YES_ERROR;
				CLANG_WARN_UNREACHABLE_CODE = YES;
				CLANG_WARN__DUPLICATE_METHOD_MATCH = YES;
				"CODE_SIGN_IDENTITY[sdk=iphoneos*]" = "iPhone Developer";
				COPY_PHASE_STRIP = NO;
				DEBUG_INFORMATION_FORMAT = "dwarf-with-dsym";
				ENABLE_STRICT_OBJC_MSGSEND = YES;
				GCC_C_LANGUAGE_STANDARD = gnu99;
				GCC_DYNAMIC_NO_PIC = NO;
				GCC_NO_COMMON_BLOCKS = YES;
				GCC_OPTIMIZATION_LEVEL = 0;
				GCC_PREPROCESSOR_DEFINITIONS = (
					"DEBUG=1",
					"$(inherited)",
				);
				GCC_SYMBOLS_PRIVATE_EXTERN = NO;
				GCC_WARN_64_TO_32_BIT_CONVERSION = YES;
				GCC_WARN_ABOUT_RETURN_TYPE = YES_ERROR;
				GCC_WARN_UNDECLARED_SELECTOR = YES;
				GCC_WARN_UNINITIALIZED_AUTOS = YES_AGGRESSIVE;
				GCC_WARN_UNUSED_FUNCTION = YES;
				GCC_WARN_UNUSED_VARIABLE = YES;
				IPHONEOS_DEPLOYMENT_TARGET = 8.3;
				MTL_ENABLE_DEBUG_INFO = YES;
				ONLY_ACTIVE_ARCH = YES;
				SDKROOT = iphoneos;
				TARGETED_DEVICE_FAMILY = "1,2";
			};
			name = Debug;
		};
		A086034B1B254F890076D9B7 /* Release */ = {
			isa = XCBuildConfiguration;
			buildSettings = {
				ALWAYS_SEARCH_USER_PATHS = NO;
				CLANG_CXX_LANGUAGE_STANDARD = "gnu++0x";
				CLANG_CXX_LIBRARY = "libc++";
				CLANG_ENABLE_MODULES = YES;
				CLANG_ENABLE_OBJC_ARC = YES;
				CLANG_WARN_BOOL_CONVERSION = YES;
				CLANG_WARN_CONSTANT_CONVERSION = YES;
				CLANG_WARN_DIRECT_OBJC_ISA_USAGE = YES_ERROR;
				CLANG_WARN_EMPTY_BODY = YES;
				CLANG_WARN_ENUM_CONVERSION = YES;
				CLANG_WARN_INT_CONVERSION = YES;
				CLANG_WARN_OBJC_ROOT_CLASS = YES_ERROR;
				CLANG_WARN_UNREACHABLE_CODE = YES;
				CLANG_WARN__DUPLICATE_METHOD_MATCH = YES;
				"CODE_SIGN_IDENTITY[sdk=iphoneos*]" = "iPhone Developer";
				COPY_PHASE_STRIP = NO;
				DEBUG_INFORMATION_FORMAT = "dwarf-with-dsym";
				ENABLE_NS_ASSERTIONS = NO;
				ENABLE_STRICT_OBJC_MSGSEND = YES;
				GCC_C_LANGUAGE_STANDARD = gnu99;
				GCC_NO_COMMON_BLOCKS = YES;
				GCC_WARN_64_TO_32_BIT_CONVERSION = YES;
				GCC_WARN_ABOUT_RETURN_TYPE = YES_ERROR;
				GCC_WARN_UNDECLARED_SELECTOR = YES;
				GCC_WARN_UNINITIALIZED_AUTOS = YES_AGGRESSIVE;
				GCC_WARN_UNUSED_FUNCTION = YES;
				GCC_WARN_UNUSED_VARIABLE = YES;
				IPHONEOS_DEPLOYMENT_TARGET = 8.3;
				MTL_ENABLE_DEBUG_INFO = NO;
				SDKROOT = iphoneos;
				TARGETED_DEVICE_FAMILY = "1,2";
				VALIDATE_PRODUCT = YES;
			};
			name = Release;
		};
		A086034D1B254F890076D9B7 /* Debug */ = {
			isa = XCBuildConfiguration;
			baseConfigurationReference = C3181F7B247E1410C6C0F8C4 /* Pods.debug.xcconfig */;
			buildSettings = {
				ASSETCATALOG_COMPILER_APPICON_NAME = AppIcon;
				INFOPLIST_FILE = CVNPInfoGatherApp/Info.plist;
				LD_RUNPATH_SEARCH_PATHS = "$(inherited) @executable_path/Frameworks";
				PRODUCT_NAME = "$(TARGET_NAME)";
			};
			name = Debug;
		};
		A086034E1B254F890076D9B7 /* Release */ = {
			isa = XCBuildConfiguration;
			baseConfigurationReference = 7B6732F6B7ABD46D574536EA /* Pods.release.xcconfig */;
			buildSettings = {
				ASSETCATALOG_COMPILER_APPICON_NAME = AppIcon;
				INFOPLIST_FILE = CVNPInfoGatherApp/Info.plist;
				LD_RUNPATH_SEARCH_PATHS = "$(inherited) @executable_path/Frameworks";
				PRODUCT_NAME = "$(TARGET_NAME)";
			};
			name = Release;
		};
		A08603501B254F890076D9B7 /* Debug */ = {
			isa = XCBuildConfiguration;
			buildSettings = {
				BUNDLE_LOADER = "$(TEST_HOST)";
				FRAMEWORK_SEARCH_PATHS = (
					"$(SDKROOT)/Developer/Library/Frameworks",
					"$(inherited)",
				);
				GCC_PREPROCESSOR_DEFINITIONS = (
					"DEBUG=1",
					"$(inherited)",
				);
				INFOPLIST_FILE = CVNPInfoGatherAppTests/Info.plist;
				LD_RUNPATH_SEARCH_PATHS = "$(inherited) @executable_path/Frameworks @loader_path/Frameworks";
				PRODUCT_NAME = "$(TARGET_NAME)";
				TEST_HOST = "$(BUILT_PRODUCTS_DIR)/CVNPInfoGatherApp.app/CVNPInfoGatherApp";
			};
			name = Debug;
		};
		A08603511B254F890076D9B7 /* Release */ = {
			isa = XCBuildConfiguration;
			buildSettings = {
				BUNDLE_LOADER = "$(TEST_HOST)";
				FRAMEWORK_SEARCH_PATHS = (
					"$(SDKROOT)/Developer/Library/Frameworks",
					"$(inherited)",
				);
				INFOPLIST_FILE = CVNPInfoGatherAppTests/Info.plist;
				LD_RUNPATH_SEARCH_PATHS = "$(inherited) @executable_path/Frameworks @loader_path/Frameworks";
				PRODUCT_NAME = "$(TARGET_NAME)";
				TEST_HOST = "$(BUILT_PRODUCTS_DIR)/CVNPInfoGatherApp.app/CVNPInfoGatherApp";
			};
			name = Release;
		};
/* End XCBuildConfiguration section */

/* Begin XCConfigurationList section */
		A08603241B254F890076D9B7 /* Build configuration list for PBXProject "CVNPInfoGatherApp" */ = {
			isa = XCConfigurationList;
			buildConfigurations = (
				A086034A1B254F890076D9B7 /* Debug */,
				A086034B1B254F890076D9B7 /* Release */,
			);
			defaultConfigurationIsVisible = 0;
			defaultConfigurationName = Release;
		};
		A086034C1B254F890076D9B7 /* Build configuration list for PBXNativeTarget "CVNPInfoGatherApp" */ = {
			isa = XCConfigurationList;
			buildConfigurations = (
				A086034D1B254F890076D9B7 /* Debug */,
				A086034E1B254F890076D9B7 /* Release */,
			);
			defaultConfigurationIsVisible = 0;
			defaultConfigurationName = Release;
		};
		A086034F1B254F890076D9B7 /* Build configuration list for PBXNativeTarget "CVNPInfoGatherAppTests" */ = {
			isa = XCConfigurationList;
			buildConfigurations = (
				A08603501B254F890076D9B7 /* Debug */,
				A08603511B254F890076D9B7 /* Release */,
			);
			defaultConfigurationIsVisible = 0;
			defaultConfigurationName = Release;
		};
/* End XCConfigurationList section */
	};
	rootObject = A08603211B254F890076D9B7 /* Project object */;
}
